// !$*UTF8*$!
{
	archiveVersion = 1;
	classes = {
	};
	objectVersion = 56;
	objects = {

/* Begin PBXBuildFile section */
		97DB3E5B28E63A90000F801E /* ClearBackgroundSheetExampleApp.swift in Sources */ = {isa = PBXBuildFile; fileRef = 97DB3E5A28E63A90000F801E /* ClearBackgroundSheetExampleApp.swift */; };
		97DB3E5D28E63A90000F801E /* ContentView.swift in Sources */ = {isa = PBXBuildFile; fileRef = 97DB3E5C28E63A90000F801E /* ContentView.swift */; };
		97DB3E5F28E63A92000F801E /* Assets.xcassets in Resources */ = {isa = PBXBuildFile; fileRef = 97DB3E5E28E63A92000F801E /* Assets.xcassets */; };
		97DB3E6228E63A92000F801E /* Preview Assets.xcassets in Resources */ = {isa = PBXBuildFile; fileRef = 97DB3E6128E63A92000F801E /* Preview Assets.xcassets */; };
		97DB3E6928E63BC6000F801E /* ZStackLayeredView.swift in Sources */ = {isa = PBXBuildFile; fileRef = 97DB3E6828E63BC6000F801E /* ZStackLayeredView.swift */; };
		97DB3E6B28E63BF2000F801E /* BackView.swift in Sources */ = {isa = PBXBuildFile; fileRef = 97DB3E6A28E63BF2000F801E /* BackView.swift */; };
		97DB3E6D28E63E37000F801E /* FrontView.swift in Sources */ = {isa = PBXBuildFile; fileRef = 97DB3E6C28E63E37000F801E /* FrontView.swift */; };
		97DB3E6F28E63FE2000F801E /* SheetLayeredView.swift in Sources */ = {isa = PBXBuildFile; fileRef = 97DB3E6E28E63FE2000F801E /* SheetLayeredView.swift */; };
		97DB3E7128E647E1000F801E /* UIView+clearBackgroundSheet.swift in Sources */ = {isa = PBXBuildFile; fileRef = 97DB3E7028E647E1000F801E /* UIView+clearBackgroundSheet.swift */; };
/* End PBXBuildFile section */

/* Begin PBXFileReference section */
		97DB3E5728E63A90000F801E /* ClearBackgroundSheetExample.app */ = {isa = PBXFileReference; explicitFileType = wrapper.application; includeInIndex = 0; path = ClearBackgroundSheetExample.app; sourceTree = BUILT_PRODUCTS_DIR; };
		97DB3E5A28E63A90000F801E /* ClearBackgroundSheetExampleApp.swift */ = {isa = PBXFileReference; lastKnownFileType = sourcecode.swift; path = ClearBackgroundSheetExampleApp.swift; sourceTree = "<group>"; };
		97DB3E5C28E63A90000F801E /* ContentView.swift */ = {isa = PBXFileReference; lastKnownFileType = sourcecode.swift; path = ContentView.swift; sourceTree = "<group>"; };
		97DB3E5E28E63A92000F801E /* Assets.xcassets */ = {isa = PBXFileReference; lastKnownFileType = folder.assetcatalog; path = Assets.xcassets; sourceTree = "<group>"; };
		97DB3E6128E63A92000F801E /* Preview Assets.xcassets */ = {isa = PBXFileReference; lastKnownFileType = folder.assetcatalog; path = "Preview Assets.xcassets"; sourceTree = "<group>"; };
		97DB3E6828E63BC6000F801E /* ZStackLayeredView.swift */ = {isa = PBXFileReference; lastKnownFileType = sourcecode.swift; path = ZStackLayeredView.swift; sourceTree = "<group>"; };
		97DB3E6A28E63BF2000F801E /* BackView.swift */ = {isa = PBXFileReference; lastKnownFileType = sourcecode.swift; path = BackView.swift; sourceTree = "<group>"; };
		97DB3E6C28E63E37000F801E /* FrontView.swift */ = {isa = PBXFileReference; lastKnownFileType = sourcecode.swift; path = FrontView.swift; sourceTree = "<group>"; };
		97DB3E6E28E63FE2000F801E /* SheetLayeredView.swift */ = {isa = PBXFileReference; lastKnownFileType = sourcecode.swift; path = SheetLayeredView.swift; sourceTree = "<group>"; };
		97DB3E7028E647E1000F801E /* UIView+clearBackgroundSheet.swift */ = {isa = PBXFileReference; lastKnownFileType = sourcecode.swift; path = "UIView+clearBackgroundSheet.swift"; sourceTree = "<group>"; };
/* End PBXFileReference section */

/* Begin PBXFrameworksBuildPhase section */
		97DB3E5428E63A90000F801E /* Frameworks */ = {
			isa = PBXFrameworksBuildPhase;
			buildActionMask = 2147483647;
			files = (
			);
			runOnlyForDeploymentPostprocessing = 0;
		};
/* End PBXFrameworksBuildPhase section */

/* Begin PBXGroup section */
		97DB3E4E28E63A90000F801E = {
			isa = PBXGroup;
			children = (
				97DB3E5928E63A90000F801E /* ClearBackgroundSheetExample */,
				97DB3E5828E63A90000F801E /* Products */,
			);
			sourceTree = "<group>";
		};
		97DB3E5828E63A90000F801E /* Products */ = {
			isa = PBXGroup;
			children = (
				97DB3E5728E63A90000F801E /* ClearBackgroundSheetExample.app */,
			);
			name = Products;
			sourceTree = "<group>";
		};
		97DB3E5928E63A90000F801E /* ClearBackgroundSheetExample */ = {
			isa = PBXGroup;
			children = (
				97DB3E5A28E63A90000F801E /* ClearBackgroundSheetExampleApp.swift */,
				97DB3E5C28E63A90000F801E /* ContentView.swift */,
				97DB3E6828E63BC6000F801E /* ZStackLayeredView.swift */,
				97DB3E6E28E63FE2000F801E /* SheetLayeredView.swift */,
				97DB3E6A28E63BF2000F801E /* BackView.swift */,
				97DB3E6C28E63E37000F801E /* FrontView.swift */,
				97DB3E7028E647E1000F801E /* UIView+clearBackgroundSheet.swift */,
				97DB3E5E28E63A92000F801E /* Assets.xcassets */,
				97DB3E6028E63A92000F801E /* Preview Content */,
			);
			path = ClearBackgroundSheetExample;
			sourceTree = "<group>";
		};
		97DB3E6028E63A92000F801E /* Preview Content */ = {
			isa = PBXGroup;
			children = (
				97DB3E6128E63A92000F801E /* Preview Assets.xcassets */,
			);
			path = "Preview Content";
			sourceTree = "<group>";
		};
/* End PBXGroup section */

/* Begin PBXNativeTarget section */
		97DB3E5628E63A90000F801E /* ClearBackgroundSheetExample */ = {
			isa = PBXNativeTarget;
			buildConfigurationList = 97DB3E6528E63A92000F801E /* Build configuration list for PBXNativeTarget "ClearBackgroundSheetExample" */;
			buildPhases = (
				97DB3E5328E63A90000F801E /* Sources */,
				97DB3E5428E63A90000F801E /* Frameworks */,
				97DB3E5528E63A90000F801E /* Resources */,
			);
			buildRules = (
			);
			dependencies = (
			);
			name = ClearBackgroundSheetExample;
			productName = ClearBackgroundSheetExample;
			productReference = 97DB3E5728E63A90000F801E /* ClearBackgroundSheetExample.app */;
			productType = "com.apple.product-type.application";
		};
/* End PBXNativeTarget section */

/* Begin PBXProject section */
		97DB3E4F28E63A90000F801E /* Project object */ = {
			isa = PBXProject;
			attributes = {
				BuildIndependentTargetsInParallel = 1;
				LastSwiftUpdateCheck = 1400;
				LastUpgradeCheck = 1400;
				TargetAttributes = {
					97DB3E5628E63A90000F801E = {
						CreatedOnToolsVersion = 14.0;
					};
				};
			};
			buildConfigurationList = 97DB3E5228E63A90000F801E /* Build configuration list for PBXProject "ClearBackgroundSheetExample" */;
			compatibilityVersion = "Xcode 14.0";
			developmentRegion = en;
			hasScannedForEncodings = 0;
			knownRegions = (
				en,
				Base,
			);
			mainGroup = 97DB3E4E28E63A90000F801E;
			productRefGroup = 97DB3E5828E63A90000F801E /* Products */;
			projectDirPath = "";
			projectRoot = "";
			targets = (
				97DB3E5628E63A90000F801E /* ClearBackgroundSheetExample */,
			);
		};
/* End PBXProject section */

/* Begin PBXResourcesBuildPhase section */
		97DB3E5528E63A90000F801E /* Resources */ = {
			isa = PBXResourcesBuildPhase;
			buildActionMask = 2147483647;
			files = (
				97DB3E6228E63A92000F801E /* Preview Assets.xcassets in Resources */,
				97DB3E5F28E63A92000F801E /* Assets.xcassets in Resources */,
			);
			runOnlyForDeploymentPostprocessing = 0;
		};
/* End PBXResourcesBuildPhase section */

/* Begin PBXSourcesBuildPhase section */
		97DB3E5328E63A90000F801E /* Sources */ = {
			isa = PBXSourcesBuildPhase;
			buildActionMask = 2147483647;
			files = (
				97DB3E6928E63BC6000F801E /* ZStackLayeredView.swift in Sources */,
				97DB3E7128E647E1000F801E /* UIView+clearBackgroundSheet.swift in Sources */,
				97DB3E6F28E63FE2000F801E /* SheetLayeredView.swift in Sources */,
				97DB3E6B28E63BF2000F801E /* BackView.swift in Sources */,
				97DB3E5D28E63A90000F801E /* ContentView.swift in Sources */,
				97DB3E5B28E63A90000F801E /* ClearBackgroundSheetExampleApp.swift in Sources */,
				97DB3E6D28E63E37000F801E /* FrontView.swift in Sources */,
			);
			runOnlyForDeploymentPostprocessing = 0;
		};
/* End PBXSourcesBuildPhase section */

/* Begin XCBuildConfiguration section */
		97DB3E6328E63A92000F801E /* Debug */ = {
			isa = XCBuildConfiguration;
			buildSettings = {
				ALWAYS_SEARCH_USER_PATHS = NO;
				CLANG_ANALYZER_NONNULL = YES;
				CLANG_ANALYZER_NUMBER_OBJECT_CONVERSION = YES_AGGRESSIVE;
				CLANG_CXX_LANGUAGE_STANDARD = "gnu++20";
				CLANG_ENABLE_MODULES = YES;
				CLANG_ENABLE_OBJC_ARC = YES;
				CLANG_ENABLE_OBJC_WEAK = YES;
				CLANG_WARN_BLOCK_CAPTURE_AUTORELEASING = YES;
				CLANG_WARN_BOOL_CONVERSION = YES;
				CLANG_WARN_COMMA = YES;
				CLANG_WARN_CONSTANT_CONVERSION = YES;
				CLANG_WARN_DEPRECATED_OBJC_IMPLEMENTATIONS = YES;
				CLANG_WARN_DIRECT_OBJC_ISA_USAGE = YES_ERROR;
				CLANG_WARN_DOCUMENTATION_COMMENTS = YES;
				CLANG_WARN_EMPTY_BODY = YES;
				CLANG_WARN_ENUM_CONVERSION = YES;
				CLANG_WARN_INFINITE_RECURSION = YES;
				CLANG_WARN_INT_CONVERSION = YES;
				CLANG_WARN_NON_LITERAL_NULL_CONVERSION = YES;
				CLANG_WARN_OBJC_IMPLICIT_RETAIN_SELF = YES;
				CLANG_WARN_OBJC_LITERAL_CONVERSION = YES;
				CLANG_WARN_OBJC_ROOT_CLASS = YES_ERROR;
				CLANG_WARN_QUOTED_INCLUDE_IN_FRAMEWORK_HEADER = YES;
				CLANG_WARN_RANGE_LOOP_ANALYSIS = YES;
				CLANG_WARN_STRICT_PROTOTYPES = YES;
				CLANG_WARN_SUSPICIOUS_MOVE = YES;
				CLANG_WARN_UNGUARDED_AVAILABILITY = YES_AGGRESSIVE;
				CLANG_WARN_UNREACHABLE_CODE = YES;
				CLANG_WARN__DUPLICATE_METHOD_MATCH = YES;
				COPY_PHASE_STRIP = NO;
				DEBUG_INFORMATION_FORMAT = dwarf;
				ENABLE_STRICT_OBJC_MSGSEND = YES;
				ENABLE_TESTABILITY = YES;
				GCC_C_LANGUAGE_STANDARD = gnu11;
				GCC_DYNAMIC_NO_PIC = NO;
				GCC_NO_COMMON_BLOCKS = YES;
				GCC_OPTIMIZATION_LEVEL = 0;
				GCC_PREPROCESSOR_DEFINITIONS = (
					"DEBUG=1",
					"$(inherited)",
				);
				GCC_WARN_64_TO_32_BIT_CONVERSION = YES;
				GCC_WARN_ABOUT_RETURN_TYPE = YES_ERROR;
				GCC_WARN_UNDECLARED_SELECTOR = YES;
				GCC_WARN_UNINITIALIZED_AUTOS = YES_AGGRESSIVE;
				GCC_WARN_UNUSED_FUNCTION = YES;
				GCC_WARN_UNUSED_VARIABLE = YES;
				IPHONEOS_DEPLOYMENT_TARGET = 16.0;
				MTL_ENABLE_DEBUG_INFO = INCLUDE_SOURCE;
				MTL_FAST_MATH = YES;
				ONLY_ACTIVE_ARCH = YES;
				SDKROOT = iphoneos;
				SWIFT_ACTIVE_COMPILATION_CONDITIONS = DEBUG;
				SWIFT_OPTIMIZATION_LEVEL = "-Onone";
			};
			name = Debug;
		};
		97DB3E6428E63A92000F801E /* Release */ = {
			isa = XCBuildConfiguration;
			buildSettings = {
				ALWAYS_SEARCH_USER_PATHS = NO;
				CLANG_ANALYZER_NONNULL = YES;
				CLANG_ANALYZER_NUMBER_OBJECT_CONVERSION = YES_AGGRESSIVE;
				CLANG_CXX_LANGUAGE_STANDARD = "gnu++20";
				CLANG_ENABLE_MODULES = YES;
				CLANG_ENABLE_OBJC_ARC = YES;
				CLANG_ENABLE_OBJC_WEAK = YES;
				CLANG_WARN_BLOCK_CAPTURE_AUTORELEASING = YES;
				CLANG_WARN_BOOL_CONVERSION = YES;
				CLANG_WARN_COMMA = YES;
				CLANG_WARN_CONSTANT_CONVERSION = YES;
				CLANG_WARN_DEPRECATED_OBJC_IMPLEMENTATIONS = YES;
				CLANG_WARN_DIRECT_OBJC_ISA_USAGE = YES_ERROR;
				CLANG_WARN_DOCUMENTATION_COMMENTS = YES;
				CLANG_WARN_EMPTY_BODY = YES;
				CLANG_WARN_ENUM_CONVERSION = YES;
				CLANG_WARN_INFINITE_RECURSION = YES;
				CLANG_WARN_INT_CONVERSION = YES;
				CLANG_WARN_NON_LITERAL_NULL_CONVERSION = YES;
				CLANG_WARN_OBJC_IMPLICIT_RETAIN_SELF = YES;
				CLANG_WARN_OBJC_LITERAL_CONVERSION = YES;
				CLANG_WARN_OBJC_ROOT_CLASS = YES_ERROR;
				CLANG_WARN_QUOTED_INCLUDE_IN_FRAMEWORK_HEADER = YES;
				CLANG_WARN_RANGE_LOOP_ANALYSIS = YES;
				CLANG_WARN_STRICT_PROTOTYPES = YES;
				CLANG_WARN_SUSPICIOUS_MOVE = YES;
				CLANG_WARN_UNGUARDED_AVAILABILITY = YES_AGGRESSIVE;
				CLANG_WARN_UNREACHABLE_CODE = YES;
				CLANG_WARN__DUPLICATE_METHOD_MATCH = YES;
				COPY_PHASE_STRIP = NO;
				DEBUG_INFORMATION_FORMAT = "dwarf-with-dsym";
				ENABLE_NS_ASSERTIONS = NO;
				ENABLE_STRICT_OBJC_MSGSEND = YES;
				GCC_C_LANGUAGE_STANDARD = gnu11;
				GCC_NO_COMMON_BLOCKS = YES;
				GCC_WARN_64_TO_32_BIT_CONVERSION = YES;
				GCC_WARN_ABOUT_RETURN_TYPE = YES_ERROR;
				GCC_WARN_UNDECLARED_SELECTOR = YES;
				GCC_WARN_UNINITIALIZED_AUTOS = YES_AGGRESSIVE;
				GCC_WARN_UNUSED_FUNCTION = YES;
				GCC_WARN_UNUSED_VARIABLE = YES;
				IPHONEOS_DEPLOYMENT_TARGET = 16.0;
				MTL_ENABLE_DEBUG_INFO = NO;
				MTL_FAST_MATH = YES;
				SDKROOT = iphoneos;
				SWIFT_COMPILATION_MODE = wholemodule;
				SWIFT_OPTIMIZATION_LEVEL = "-O";
				VALIDATE_PRODUCT = YES;
			};
			name = Release;
		};
		97DB3E6628E63A92000F801E /* Debug */ = {
			isa = XCBuildConfiguration;
			buildSettings = {
				ASSETCATALOG_COMPILER_APPICON_NAME = AppIcon;
				ASSETCATALOG_COMPILER_GLOBAL_ACCENT_COLOR_NAME = AccentColor;
				CODE_SIGN_STYLE = Automatic;
				CURRENT_PROJECT_VERSION = 1;
				DEVELOPMENT_ASSET_PATHS = "\"ClearBackgroundSheetExample/Preview Content\"";
				DEVELOPMENT_TEAM = 2V4975L824;
				ENABLE_PREVIEWS = YES;
				GENERATE_INFOPLIST_FILE = YES;
				INFOPLIST_KEY_UIApplicationSceneManifest_Generation = YES;
				INFOPLIST_KEY_UIApplicationSupportsIndirectInputEvents = YES;
				INFOPLIST_KEY_UILaunchScreen_Generation = YES;
				INFOPLIST_KEY_UISupportedInterfaceOrientations_iPad = "UIInterfaceOrientationPortrait UIInterfaceOrientationPortraitUpsideDown UIInterfaceOrientationLandscapeLeft UIInterfaceOrientationLandscapeRight";
				INFOPLIST_KEY_UISupportedInterfaceOrientations_iPhone = "UIInterfaceOrientationPortrait UIInterfaceOrientationLandscapeLeft UIInterfaceOrientationLandscapeRight";
				LD_RUNPATH_SEARCH_PATHS = (
					"$(inherited)",
					"@executable_path/Frameworks",
				);
				MARKETING_VERSION = 1.0;
				PRODUCT_BUNDLE_IDENTIFIER = jp.co.hotmail.lilossa.ClearBackgroundSheetExample;
				PRODUCT_NAME = "$(TARGET_NAME)";
				SWIFT_EMIT_LOC_STRINGS = YES;
				SWIFT_VERSION = 5.0;
				TARGETED_DEVICE_FAMILY = "1,2";
			};
			name = Debug;
		};
		97DB3E6728E63A92000F801E /* Release */ = {
			isa = XCBuildConfiguration;
			buildSettings = {
				ASSETCATALOG_COMPILER_APPICON_NAME = AppIcon;
				ASSETCATALOG_COMPILER_GLOBAL_ACCENT_COLOR_NAME = AccentColor;
				CODE_SIGN_STYLE = Automatic;
				CURRENT_PROJECT_VERSION = 1;
				DEVELOPMENT_ASSET_PATHS = "\"ClearBackgroundSheetExample/Preview Content\"";
				DEVELOPMENT_TEAM = 2V4975L824;
				ENABLE_PREVIEWS = YES;
				GENERATE_INFOPLIST_FILE = YES;
				INFOPLIST_KEY_UIApplicationSceneManifest_Generation = YES;
				INFOPLIST_KEY_UIApplicationSupportsIndirectInputEvents = YES;
				INFOPLIST_KEY_UILaunchScreen_Generation = YES;
				INFOPLIST_KEY_UISupportedInterfaceOrientations_iPad = "UIInterfaceOrientationPortrait UIInterfaceOrientationPortraitUpsideDown UIInterfaceOrientationLandscapeLeft UIInterfaceOrientationLandscapeRight";
				INFOPLIST_KEY_UISupportedInterfaceOrientations_iPhone = "UIInterfaceOrientationPortrait UIInterfaceOrientationLandscapeLeft UIInterfaceOrientationLandscapeRight";
				LD_RUNPATH_SEARCH_PATHS = (
					"$(inherited)",
					"@executable_path/Frameworks",
				);
				MARKETING_VERSION = 1.0;
				PRODUCT_BUNDLE_IDENTIFIER = jp.co.hotmail.lilossa.ClearBackgroundSheetExample;
				PRODUCT_NAME = "$(TARGET_NAME)";
				SWIFT_EMIT_LOC_STRINGS = YES;
				SWIFT_VERSION = 5.0;
				TARGETED_DEVICE_FAMILY = "1,2";
			};
			name = Release;
		};
/* End XCBuildConfiguration section */

/* Begin XCConfigurationList section */
		97DB3E5228E63A90000F801E /* Build configuration list for PBXProject "ClearBackgroundSheetExample" */ = {
			isa = XCConfigurationList;
			buildConfigurations = (
				97DB3E6328E63A92000F801E /* Debug */,
				97DB3E6428E63A92000F801E /* Release */,
			);
			defaultConfigurationIsVisible = 0;
			defaultConfigurationName = Release;
		};
		97DB3E6528E63A92000F801E /* Build configuration list for PBXNativeTarget "ClearBackgroundSheetExample" */ = {
			isa = XCConfigurationList;
			buildConfigurations = (
				97DB3E6628E63A92000F801E /* Debug */,
				97DB3E6728E63A92000F801E /* Release */,
			);
			defaultConfigurationIsVisible = 0;
			defaultConfigurationName = Release;
		};
/* End XCConfigurationList section */
	};
	rootObject = 97DB3E4F28E63A90000F801E /* Project object */;
}
